
Microsoft Visual Studio Solution File, Format Version 12.00
# Visual Studio Version 17
VisualStudioVersion = 17.0.31903.59
MinimumVisualStudioVersion = 10.0.40219.1
Project("{FAE04EC0-301F-11D3-BF4B-00C04F79EFBC}") = "PlanlamaApp.Domain", "PlanlamaApp.Domain\PlanlamaApp.Domain.csproj", "{1098F502-0957-4A08-A212-10A96E929A88}"
EndProject
Project("{FAE04EC0-301F-11D3-BF4B-00C04F79EFBC}") = "PlanlamaApp.Application", "PlanlamaApp.Application\PlanlamaApp.Application.csproj", "{2AB1F35A-1D57-49BB-A8BB-16EDB2E55CE9}"
EndProject
Project("{FAE04EC0-301F-11D3-BF4B-00C04F79EFBC}") = "PlanlamaApp.Infrastructure", "PlanlamaApp.Infrastructure\PlanlamaApp.Infrastructure.csproj", "{376D44DE-2A16-4CE2-B4B7-A3B189833EF3}"
EndProject
Project("{FAE04EC0-301F-11D3-BF4B-00C04F79EFBC}") = "PlanlamaApp.Api", "PlanlamaApp.Api\PlanlamaApp.Api.csproj", "{3A74A689-70D5-4803-836B-80263B43E677}"
EndProject
Project("{2150E333-8FDC-42A3-9474-1A3956D46DE8}") = "Tests", "Tests", "{0AB3BF05-4346-4AA6-1389-037BE0695223}"
EndProject
Project("{FAE04EC0-301F-11D3-BF4B-00C04F79EFBC}") = "PlanlamaApp.IntegrationTests", "Tests\PlanlamaApp.IntegrationTests\PlanlamaApp.IntegrationTests.csproj", "{AA89ACB3-E9EA-42B4-8C2D-614034FC8EE0}"
EndProject
Global
	GlobalSection(SolutionConfigurationPlatforms) = preSolution
		Debug|Any CPU = Debug|Any CPU
		Debug|x64 = Debug|x64
		Debug|x86 = Debug|x86
		Release|Any CPU = Release|Any CPU
		Release|x64 = Release|x64
		Release|x86 = Release|x86
	EndGlobalSection
	GlobalSection(ProjectConfigurationPlatforms) = postSolution
		{1098F502-0957-4A08-A212-10A96E929A88}.Debug|Any CPU.ActiveCfg = Debug|Any CPU
		{1098F502-0957-4A08-A212-10A96E929A88}.Debug|Any CPU.Build.0 = Debug|Any CPU
		{1098F502-0957-4A08-A212-10A96E929A88}.Debug|x64.ActiveCfg = Debug|Any CPU
		{1098F502-0957-4A08-A212-10A96E929A88}.Debug|x64.Build.0 = Debug|Any CPU
		{1098F502-0957-4A08-A212-10A96E929A88}.Debug|x86.ActiveCfg = Debug|Any CPU
		{1098F502-0957-4A08-A212-10A96E929A88}.Debug|x86.Build.0 = Debug|Any CPU
		{1098F502-0957-4A08-A212-10A96E929A88}.Release|Any CPU.ActiveCfg = Release|Any CPU
		{1098F502-0957-4A08-A212-10A96E929A88}.Release|Any CPU.Build.0 = Release|Any CPU
		{1098F502-0957-4A08-A212-10A96E929A88}.Release|x64.ActiveCfg = Release|Any CPU
		{1098F502-0957-4A08-A212-10A96E929A88}.Release|x64.Build.0 = Release|Any CPU
		{1098F502-0957-4A08-A212-10A96E929A88}.Release|x86.ActiveCfg = Release|Any CPU
		{1098F502-0957-4A08-A212-10A96E929A88}.Release|x86.Build.0 = Release|Any CPU
		{2AB1F35A-1D57-49BB-A8BB-16EDB2E55CE9}.Debug|Any CPU.ActiveCfg = Debug|Any CPU
		{2AB1F35A-1D57-49BB-A8BB-16EDB2E55CE9}.Debug|Any CPU.Build.0 = Debug|Any CPU
		{2AB1F35A-1D57-49BB-A8BB-16EDB2E55CE9}.Debug|x64.ActiveCfg = Debug|Any CPU
		{2AB1F35A-1D57-49BB-A8BB-16EDB2E55CE9}.Debug|x64.Build.0 = Debug|Any CPU
		{2AB1F35A-1D57-49BB-A8BB-16EDB2E55CE9}.Debug|x86.ActiveCfg = Debug|Any CPU
		{2AB1F35A-1D57-49BB-A8BB-16EDB2E55CE9}.Debug|x86.Build.0 = Debug|Any CPU
		{2AB1F35A-1D57-49BB-A8BB-16EDB2E55CE9}.Release|Any CPU.ActiveCfg = Release|Any CPU
		{2AB1F35A-1D57-49BB-A8BB-16EDB2E55CE9}.Release|Any CPU.Build.0 = Release|Any CPU
		{2AB1F35A-1D57-49BB-A8BB-16EDB2E55CE9}.Release|x64.ActiveCfg = Release|Any CPU
		{2AB1F35A-1D57-49BB-A8BB-16EDB2E55CE9}.Release|x64.Build.0 = Release|Any CPU
		{2AB1F35A-1D57-49BB-A8BB-16EDB2E55CE9}.Release|x86.ActiveCfg = Release|Any CPU
		{2AB1F35A-1D57-49BB-A8BB-16EDB2E55CE9}.Release|x86.Build.0 = Release|Any CPU
		{376D44DE-2A16-4CE2-B4B7-A3B189833EF3}.Debug|Any CPU.ActiveCfg = Debug|Any CPU
		{376D44DE-2A16-4CE2-B4B7-A3B189833EF3}.Debug|Any CPU.Build.0 = Debug|Any CPU
		{376D44DE-2A16-4CE2-B4B7-A3B189833EF3}.Debug|x64.ActiveCfg = Debug|Any CPU
		{376D44DE-2A16-4CE2-B4B7-A3B189833EF3}.Debug|x64.Build.0 = Debug|Any CPU
		{376D44DE-2A16-4CE2-B4B7-A3B189833EF3}.Debug|x86.ActiveCfg = Debug|Any CPU
		{376D44DE-2A16-4CE2-B4B7-A3B189833EF3}.Debug|x86.Build.0 = Debug|Any CPU
		{376D44DE-2A16-4CE2-B4B7-A3B189833EF3}.Release|Any CPU.ActiveCfg = Release|Any CPU
		{376D44DE-2A16-4CE2-B4B7-A3B189833EF3}.Release|Any CPU.Build.0 = Release|Any CPU
		{376D44DE-2A16-4CE2-B4B7-A3B189833EF3}.Release|x64.ActiveCfg = Release|Any CPU
		{376D44DE-2A16-4CE2-B4B7-A3B189833EF3}.Release|x64.Build.0 = Release|Any CPU
		{376D44DE-2A16-4CE2-B4B7-A3B189833EF3}.Release|x86.ActiveCfg = Release|Any CPU
		{376D44DE-2A16-4CE2-B4B7-A3B189833EF3}.Release|x86.Build.0 = Release|Any CPU
		{3A74A689-70D5-4803-836B-80263B43E677}.Debug|Any CPU.ActiveCfg = Debug|Any CPU
		{3A74A689-70D5-4803-836B-80263B43E677}.Debug|Any CPU.Build.0 = Debug|Any CPU
		{3A74A689-70D5-4803-836B-80263B43E677}.Debug|x64.ActiveCfg = Debug|Any CPU
		{3A74A689-70D5-4803-836B-80263B43E677}.Debug|x64.Build.0 = Debug|Any CPU
		{3A74A689-70D5-4803-836B-80263B43E677}.Debug|x86.ActiveCfg = Debug|Any CPU
		{3A74A689-70D5-4803-836B-80263B43E677}.Debug|x86.Build.0 = Debug|Any CPU
		{3A74A689-70D5-4803-836B-80263B43E677}.Release|Any CPU.ActiveCfg = Release|Any CPU
		{3A74A689-70D5-4803-836B-80263B43E677}.Release|Any CPU.Build.0 = Release|Any CPU
		{3A74A689-70D5-4803-836B-80263B43E677}.Release|x64.ActiveCfg = Release|Any CPU
		{3A74A689-70D5-4803-836B-80263B43E677}.Release|x64.Build.0 = Release|Any CPU
		{3A74A689-70D5-4803-836B-80263B43E677}.Release|x86.ActiveCfg = Release|Any CPU
		{3A74A689-70D5-4803-836B-80263B43E677}.Release|x86.Build.0 = Release|Any CPU
		{AA89ACB3-E9EA-42B4-8C2D-614034FC8EE0}.Debug|Any CPU.ActiveCfg = Debug|Any CPU
		{AA89ACB3-E9EA-42B4-8C2D-614034FC8EE0}.Debug|Any CPU.Build.0 = Debug|Any CPU
		{AA89ACB3-E9EA-42B4-8C2D-614034FC8EE0}.Debug|x64.ActiveCfg = Debug|Any CPU
		{AA89ACB3-E9EA-42B4-8C2D-614034FC8EE0}.Debug|x64.Build.0 = Debug|Any CPU
		{AA89ACB3-E9EA-42B4-8C2D-614034FC8EE0}.Debug|x86.ActiveCfg = Debug|Any CPU
		{AA89ACB3-E9EA-42B4-8C2D-614034FC8EE0}.Debug|x86.Build.0 = Debug|Any CPU
		{AA89ACB3-E9EA-42B4-8C2D-614034FC8EE0}.Release|Any CPU.ActiveCfg = Release|Any CPU
		{AA89ACB3-E9EA-42B4-8C2D-614034FC8EE0}.Release|Any CPU.Build.0 = Release|Any CPU
		{AA89ACB3-E9EA-42B4-8C2D-614034FC8EE0}.Release|x64.ActiveCfg = Release|Any CPU
		{AA89ACB3-E9EA-42B4-8C2D-614034FC8EE0}.Release|x64.Build.0 = Release|Any CPU
		{AA89ACB3-E9EA-42B4-8C2D-614034FC8EE0}.Release|x86.ActiveCfg = Release|Any CPU
		{AA89ACB3-E9EA-42B4-8C2D-614034FC8EE0}.Release|x86.Build.0 = Release|Any CPU
	EndGlobalSection
	GlobalSection(SolutionProperties) = preSolution
		HideSolutionNode = FALSE
	EndGlobalSection
	GlobalSection(NestedProjects) = preSolution
		{AA89ACB3-E9EA-42B4-8C2D-614034FC8EE0} = {0AB3BF05-4346-4AA6-1389-037BE0695223}
	EndGlobalSection
EndGlobal
